
Microsoft Visual Studio Solution File, Format Version 12.00
# Visual Studio Version 16
VisualStudioVersion = 16.0.31402.337
MinimumVisualStudioVersion = 10.0.40219.1
Project("{FAE04EC0-301F-11D3-BF4B-00C04F79EFBC}") = "HangmanGame", "HangmanGame\HangmanGame.csproj", "{94E7FCC0-2A2F-4371-8C46-92E13165E206}"
EndProject
Global
	GlobalSection(SolutionConfigurationPlatforms) = preSolution
		Debug|Any CPU = Debug|Any CPU
		Release|Any CPU = Release|Any CPU
	EndGlobalSection
	GlobalSection(ProjectConfigurationPlatforms) = postSolution
		{94E7FCC0-2A2F-4371-8C46-92E13165E206}.Debug|Any CPU.ActiveCfg = Debug|Any CPU
		{94E7FCC0-2A2F-4371-8C46-92E13165E206}.Debug|Any CPU.Build.0 = Debug|Any CPU
		{94E7FCC0-2A2F-4371-8C46-92E13165E206}.Release|Any CPU.ActiveCfg = Release|Any CPU
		{94E7FCC0-2A2F-4371-8C46-92E13165E206}.Release|Any CPU.Build.0 = Release|Any CPU
	EndGlobalSection
	GlobalSection(SolutionProperties) = preSolution
		HideSolutionNode = FALSE
	EndGlobalSection
	GlobalSection(ExtensibilityGlobals) = postSolution
		SolutionGuid = {432B838B-5385-49DF-8A08-313816FD342F}
	EndGlobalSection
EndGlobal
